
Microsoft Visual Studio Solution File, Format Version 12.00
# Visual Studio Version 16
VisualStudioVersion = 16.0.30804.86
MinimumVisualStudioVersion = 10.0.40219.1
Project("{F2A71F9B-5D33-465A-A702-920D77279786}") = "BrainF__k interpreter", "BrainF__k interpreter\BrainF__k interpreter.fsproj", "{4C702E81-62A6-4C73-8D86-C3AA497F0963}"
EndProject
Global
	GlobalSection(SolutionConfigurationPlatforms) = preSolution
		Debug|Any CPU = Debug|Any CPU
		Release|Any CPU = Release|Any CPU
	EndGlobalSection
	GlobalSection(ProjectConfigurationPlatforms) = postSolution
		{4C702E81-62A6-4C73-8D86-C3AA497F0963}.Debug|Any CPU.ActiveCfg = Debug|Any CPU
		{4C702E81-62A6-4C73-8D86-C3AA497F0963}.Debug|Any CPU.Build.0 = Debug|Any CPU
		{4C702E81-62A6-4C73-8D86-C3AA497F0963}.Release|Any CPU.ActiveCfg = Release|Any CPU
		{4C702E81-62A6-4C73-8D86-C3AA497F0963}.Release|Any CPU.Build.0 = Release|Any CPU
	EndGlobalSection
	GlobalSection(SolutionProperties) = preSolution
		HideSolutionNode = FALSE
	EndGlobalSection
	GlobalSection(ExtensibilityGlobals) = postSolution
		SolutionGuid = {D3BD7960-C062-4E4A-9A6C-7C35BC0759A2}
	EndGlobalSection
EndGlobal
